
Microsoft Visual Studio Solution File, Format Version 12.00
# Visual Studio Version 17
VisualStudioVersion = 17.14.36717.8
MinimumVisualStudioVersion = 10.0.40219.1
Project("{2150E333-8FDC-42A3-9474-1A3956D46DE8}") = "Task0", "Task0", "{02EA681E-C7D8-13C7-8484-4AC65E1B71E8}"
EndProject
Project("{FAE04EC0-301F-11D3-BF4B-00C04F79EFBC}") = "Tyuiu.PlesovskikhBA.Sprint6.Task0.V9.Lib", "Tyuiu.PlesovskikhBA.Sprint6.Task0.V9.Lib\Tyuiu.PlesovskikhBA.Sprint6.Task0.V9.Lib.csproj", "{4CDCE173-71D1-475D-B793-8901616BFA50}"
EndProject
Project("{FAE04EC0-301F-11D3-BF4B-00C04F79EFBC}") = "Tyuiu.PlesovskikhBA.Sprint6.Task0.V9.Test", "Tyuiu.PlesovskikhBA.Sprint6.Task0.V9.Test\Tyuiu.PlesovskikhBA.Sprint6.Task0.V9.Test.csproj", "{72DFCB56-35C4-4444-83AE-C3116886A925}"
EndProject
Project("{FAE04EC0-301F-11D3-BF4B-00C04F79EFBC}") = "Tyuiu.PlesovskikhBA.Sprint6.Task0.V9", "Tyuiu.PlesovskikhBA.Sprint6.Task0.V9\Tyuiu.PlesovskikhBA.Sprint6.Task0.V9.csproj", "{38431FFA-2AF8-429D-A2FC-909303E4E209}"
EndProject
Project("{2150E333-8FDC-42A3-9474-1A3956D46DE8}") = "Task1", "Task1", "{CCC05CD7-33FB-4763-8956-EF6CBEB10DFF}"
EndProject
Project("{FAE04EC0-301F-11D3-BF4B-00C04F79EFBC}") = "Tyuiu.PlesovskikhBA.Sprint6.Task1.V16.Lib", "Tyuiu.PlesovskikhBA.Sprint6.Task1.V16.Lib\Tyuiu.PlesovskikhBA.Sprint6.Task1.V16.Lib.csproj", "{260F2E51-363A-415E-912A-C5460479A337}"
EndProject
Project("{FAE04EC0-301F-11D3-BF4B-00C04F79EFBC}") = "Tyuiu.PlesovskikhBA.Sprint6.Task1.V16.Test", "Tyuiu.PlesovskikhBA.Sprint6.Task1.V16.Test\Tyuiu.PlesovskikhBA.Sprint6.Task1.V16.Test.csproj", "{BEFB004A-CA77-46D3-9171-D3EBD8218453}"
EndProject
Project("{FAE04EC0-301F-11D3-BF4B-00C04F79EFBC}") = "Tyuiu.PlesovskikhBA.Sprint6.Task1.V16", "Tyuiu.PlesovskikhBA.Sprint6.Task1.V16\Tyuiu.PlesovskikhBA.Sprint6.Task1.V16.csproj", "{4078F43F-5C52-44DE-B511-6515D50F052D}"
EndProject
Project("{2150E333-8FDC-42A3-9474-1A3956D46DE8}") = "Task2", "Task2", "{D7CB062D-8857-4079-9A51-2B09ADA7F16C}"
EndProject
Project("{FAE04EC0-301F-11D3-BF4B-00C04F79EFBC}") = "Tyuiu.PlesovskikhBA.Sprint6.Task2.V6", "Tyuiu.PlesovskikhBA.Sprint6.Task2.V6\Tyuiu.PlesovskikhBA.Sprint6.Task2.V6.csproj", "{F0440C87-ED49-4AD8-9411-1DFFAC17B6D9}"
EndProject
Project("{FAE04EC0-301F-11D3-BF4B-00C04F79EFBC}") = "Tyuiu.PlesovskikhBA.Sprint6.Task2.V6.Lib", "Tyuiu.PlesovskikhBA.Sprint6.Task2.V6.Lib\Tyuiu.PlesovskikhBA.Sprint6.Task2.V6.Lib.csproj", "{C2D050AC-DF81-407F-BBFD-B8207C3BC3A3}"
EndProject
Project("{FAE04EC0-301F-11D3-BF4B-00C04F79EFBC}") = "Tyuiu.PlesovskikhBA.Sprint6.Task2.V6.Test", "Tyuiu.PlesovskikhBA.Sprint6.Task2.V6.Test\Tyuiu.PlesovskikhBA.Sprint6.Task2.V6.Test.csproj", "{11B2C7AA-0D00-4308-84BC-E6B5B2A9828C}"
EndProject
Project("{2150E333-8FDC-42A3-9474-1A3956D46DE8}") = "Task3", "Task3", "{C2081A6C-CA1B-4909-B086-A9940657D9A6}"
EndProject
Project("{FAE04EC0-301F-11D3-BF4B-00C04F79EFBC}") = "Tyuiu.PlesovskikhBA.Sprint6.Task3.V2", "Tyuiu.PlesovskikhBA.Sprint6.Task3.V2\Tyuiu.PlesovskikhBA.Sprint6.Task3.V2.csproj", "{E35E1F0C-6723-4EB2-BD73-22B1E7C83E5F}"
EndProject
Project("{FAE04EC0-301F-11D3-BF4B-00C04F79EFBC}") = "Tyuiu.PlesovskikhBA.Sprint6.Task3.V2.Lib", "Tyuiu.PlesovskikhBA.Sprint6.Task3.V2.Lib\Tyuiu.PlesovskikhBA.Sprint6.Task3.V2.Lib.csproj", "{A642F998-D3E9-427F-B8B6-1ECE45D24D4A}"
EndProject
Project("{FAE04EC0-301F-11D3-BF4B-00C04F79EFBC}") = "Tyuiu.PlesovskikhBA.Sprint6.Task3.V2.Test", "Tyuiu.PlesovskikhBA.Sprint6.Task3.V2.Test\Tyuiu.PlesovskikhBA.Sprint6.Task3.V2.Test.csproj", "{E3D5869F-204F-441A-9D7A-10A03E43CFFD}"
EndProject
Project("{2150E333-8FDC-42A3-9474-1A3956D46DE8}") = "Task4", "Task4", "{B4E3260B-D798-4EE0-A512-6E1EF7250A6B}"
EndProject
Project("{FAE04EC0-301F-11D3-BF4B-00C04F79EFBC}") = "Tyuiu.PlesovskikhBA.Sprint6.Task4.V2.Lib", "Tyuiu.PlesovskikhBA.Sprint6.Task4.V2.Lib\Tyuiu.PlesovskikhBA.Sprint6.Task4.V2.Lib.csproj", "{0312B9DC-7B52-4E86-8A1B-D9EFDEC2125D}"
EndProject
Project("{FAE04EC0-301F-11D3-BF4B-00C04F79EFBC}") = "Tyuiu.PlesovskikhBA.Sprint6.Task4.V2.Test", "Tyuiu.PlesovskikhBA.Sprint6.Task4.V2.Test\Tyuiu.PlesovskikhBA.Sprint6.Task4.V2.Test.csproj", "{72DB983D-908B-4454-A689-95B367ED431F}"
EndProject
Project("{FAE04EC0-301F-11D3-BF4B-00C04F79EFBC}") = "Tyuiu.PlesovskikhBA.Sprint6.Task4.V2", "Tyuiu.PlesovskikhBA.Sprint6.Task4.V2\Tyuiu.PlesovskikhBA.Sprint6.Task4.V2.csproj", "{BB4C935D-4660-41C5-80C8-DCC60648482C}"
EndProject
Project("{2150E333-8FDC-42A3-9474-1A3956D46DE8}") = "Task5", "Task5", "{9055D84F-E5CB-4936-AD7C-D0A0E3765DC5}"
EndProject
Project("{FAE04EC0-301F-11D3-BF4B-00C04F79EFBC}") = "Tyuiu.PlesovskikhBA.Sprint6.Task5.V22", "Tyuiu.PlesovskikhBA.Sprint6.Task5.V22\Tyuiu.PlesovskikhBA.Sprint6.Task5.V22.csproj", "{44C3C5B5-80DF-4F55-82C1-285539461F65}"
EndProject
Project("{FAE04EC0-301F-11D3-BF4B-00C04F79EFBC}") = "Tyuiu.PlesovskikhBA.Sprint6.Task5.V22.Lib", "Tyuiu.PlesovskikhBA.Sprint6.Task5.V22.Lib\Tyuiu.PlesovskikhBA.Sprint6.Task5.V22.Lib.csproj", "{687374EC-54DC-4105-B9E7-D133C09039C2}"
EndProject
Project("{FAE04EC0-301F-11D3-BF4B-00C04F79EFBC}") = "Tyuiu.PlesovskikhBA.Sprint6.Task5.V22.Test", "Tyuiu.PlesovskikhBA.Sprint6.Task5.V22.Test\Tyuiu.PlesovskikhBA.Sprint6.Task5.V22.Test.csproj", "{C37F2D07-7668-471D-964B-4BEC5D209A5D}"
EndProject
Global
	GlobalSection(SolutionConfigurationPlatforms) = preSolution
		Debug|Any CPU = Debug|Any CPU
		Release|Any CPU = Release|Any CPU
	EndGlobalSection
	GlobalSection(ProjectConfigurationPlatforms) = postSolution
		{4CDCE173-71D1-475D-B793-8901616BFA50}.Debug|Any CPU.ActiveCfg = Debug|Any CPU
		{4CDCE173-71D1-475D-B793-8901616BFA50}.Debug|Any CPU.Build.0 = Debug|Any CPU
		{4CDCE173-71D1-475D-B793-8901616BFA50}.Release|Any CPU.ActiveCfg = Release|Any CPU
		{4CDCE173-71D1-475D-B793-8901616BFA50}.Release|Any CPU.Build.0 = Release|Any CPU
		{72DFCB56-35C4-4444-83AE-C3116886A925}.Debug|Any CPU.ActiveCfg = Debug|Any CPU
		{72DFCB56-35C4-4444-83AE-C3116886A925}.Debug|Any CPU.Build.0 = Debug|Any CPU
		{72DFCB56-35C4-4444-83AE-C3116886A925}.Release|Any CPU.ActiveCfg = Release|Any CPU
		{72DFCB56-35C4-4444-83AE-C3116886A925}.Release|Any CPU.Build.0 = Release|Any CPU
		{38431FFA-2AF8-429D-A2FC-909303E4E209}.Debug|Any CPU.ActiveCfg = Debug|Any CPU
		{38431FFA-2AF8-429D-A2FC-909303E4E209}.Debug|Any CPU.Build.0 = Debug|Any CPU
		{38431FFA-2AF8-429D-A2FC-909303E4E209}.Release|Any CPU.ActiveCfg = Release|Any CPU
		{38431FFA-2AF8-429D-A2FC-909303E4E209}.Release|Any CPU.Build.0 = Release|Any CPU
		{260F2E51-363A-415E-912A-C5460479A337}.Debug|Any CPU.ActiveCfg = Debug|Any CPU
		{260F2E51-363A-415E-912A-C5460479A337}.Debug|Any CPU.Build.0 = Debug|Any CPU
		{260F2E51-363A-415E-912A-C5460479A337}.Release|Any CPU.ActiveCfg = Release|Any CPU
		{260F2E51-363A-415E-912A-C5460479A337}.Release|Any CPU.Build.0 = Release|Any CPU
		{BEFB004A-CA77-46D3-9171-D3EBD8218453}.Debug|Any CPU.ActiveCfg = Debug|Any CPU
		{BEFB004A-CA77-46D3-9171-D3EBD8218453}.Debug|Any CPU.Build.0 = Debug|Any CPU
		{BEFB004A-CA77-46D3-9171-D3EBD8218453}.Release|Any CPU.ActiveCfg = Release|Any CPU
		{BEFB004A-CA77-46D3-9171-D3EBD8218453}.Release|Any CPU.Build.0 = Release|Any CPU
		{4078F43F-5C52-44DE-B511-6515D50F052D}.Debug|Any CPU.ActiveCfg = Debug|Any CPU
		{4078F43F-5C52-44DE-B511-6515D50F052D}.Debug|Any CPU.Build.0 = Debug|Any CPU
		{4078F43F-5C52-44DE-B511-6515D50F052D}.Release|Any CPU.ActiveCfg = Release|Any CPU
		{4078F43F-5C52-44DE-B511-6515D50F052D}.Release|Any CPU.Build.0 = Release|Any CPU
		{F0440C87-ED49-4AD8-9411-1DFFAC17B6D9}.Debug|Any CPU.ActiveCfg = Debug|Any CPU
		{F0440C87-ED49-4AD8-9411-1DFFAC17B6D9}.Debug|Any CPU.Build.0 = Debug|Any CPU
		{F0440C87-ED49-4AD8-9411-1DFFAC17B6D9}.Release|Any CPU.ActiveCfg = Release|Any CPU
		{F0440C87-ED49-4AD8-9411-1DFFAC17B6D9}.Release|Any CPU.Build.0 = Release|Any CPU
		{C2D050AC-DF81-407F-BBFD-B8207C3BC3A3}.Debug|Any CPU.ActiveCfg = Debug|Any CPU
		{C2D050AC-DF81-407F-BBFD-B8207C3BC3A3}.Debug|Any CPU.Build.0 = Debug|Any CPU
		{C2D050AC-DF81-407F-BBFD-B8207C3BC3A3}.Release|Any CPU.ActiveCfg = Release|Any CPU
		{C2D050AC-DF81-407F-BBFD-B8207C3BC3A3}.Release|Any CPU.Build.0 = Release|Any CPU
		{11B2C7AA-0D00-4308-84BC-E6B5B2A9828C}.Debug|Any CPU.ActiveCfg = Debug|Any CPU
		{11B2C7AA-0D00-4308-84BC-E6B5B2A9828C}.Debug|Any CPU.Build.0 = Debug|Any CPU
		{11B2C7AA-0D00-4308-84BC-E6B5B2A9828C}.Release|Any CPU.ActiveCfg = Release|Any CPU
		{11B2C7AA-0D00-4308-84BC-E6B5B2A9828C}.Release|Any CPU.Build.0 = Release|Any CPU
		{E35E1F0C-6723-4EB2-BD73-22B1E7C83E5F}.Debug|Any CPU.ActiveCfg = Debug|Any CPU
		{E35E1F0C-6723-4EB2-BD73-22B1E7C83E5F}.Debug|Any CPU.Build.0 = Debug|Any CPU
		{E35E1F0C-6723-4EB2-BD73-22B1E7C83E5F}.Release|Any CPU.ActiveCfg = Release|Any CPU
		{E35E1F0C-6723-4EB2-BD73-22B1E7C83E5F}.Release|Any CPU.Build.0 = Release|Any CPU
		{A642F998-D3E9-427F-B8B6-1ECE45D24D4A}.Debug|Any CPU.ActiveCfg = Debug|Any CPU
		{A642F998-D3E9-427F-B8B6-1ECE45D24D4A}.Debug|Any CPU.Build.0 = Debug|Any CPU
		{A642F998-D3E9-427F-B8B6-1ECE45D24D4A}.Release|Any CPU.ActiveCfg = Release|Any CPU
		{A642F998-D3E9-427F-B8B6-1ECE45D24D4A}.Release|Any CPU.Build.0 = Release|Any CPU
		{E3D5869F-204F-441A-9D7A-10A03E43CFFD}.Debug|Any CPU.ActiveCfg = Debug|Any CPU
		{E3D5869F-204F-441A-9D7A-10A03E43CFFD}.Debug|Any CPU.Build.0 = Debug|Any CPU
		{E3D5869F-204F-441A-9D7A-10A03E43CFFD}.Release|Any CPU.ActiveCfg = Release|Any CPU
		{E3D5869F-204F-441A-9D7A-10A03E43CFFD}.Release|Any CPU.Build.0 = Release|Any CPU
		{0312B9DC-7B52-4E86-8A1B-D9EFDEC2125D}.Debug|Any CPU.ActiveCfg = Debug|Any CPU
		{0312B9DC-7B52-4E86-8A1B-D9EFDEC2125D}.Debug|Any CPU.Build.0 = Debug|Any CPU
		{0312B9DC-7B52-4E86-8A1B-D9EFDEC2125D}.Release|Any CPU.ActiveCfg = Release|Any CPU
		{0312B9DC-7B52-4E86-8A1B-D9EFDEC2125D}.Release|Any CPU.Build.0 = Release|Any CPU
		{72DB983D-908B-4454-A689-95B367ED431F}.Debug|Any CPU.ActiveCfg = Debug|Any CPU
		{72DB983D-908B-4454-A689-95B367ED431F}.Debug|Any CPU.Build.0 = Debug|Any CPU
		{72DB983D-908B-4454-A689-95B367ED431F}.Release|Any CPU.ActiveCfg = Release|Any CPU
		{72DB983D-908B-4454-A689-95B367ED431F}.Release|Any CPU.Build.0 = Release|Any CPU
		{BB4C935D-4660-41C5-80C8-DCC60648482C}.Debug|Any CPU.ActiveCfg = Debug|Any CPU
		{BB4C935D-4660-41C5-80C8-DCC60648482C}.Debug|Any CPU.Build.0 = Debug|Any CPU
		{BB4C935D-4660-41C5-80C8-DCC60648482C}.Release|Any CPU.ActiveCfg = Release|Any CPU
		{BB4C935D-4660-41C5-80C8-DCC60648482C}.Release|Any CPU.Build.0 = Release|Any CPU
		{44C3C5B5-80DF-4F55-82C1-285539461F65}.Debug|Any CPU.ActiveCfg = Debug|Any CPU
		{44C3C5B5-80DF-4F55-82C1-285539461F65}.Debug|Any CPU.Build.0 = Debug|Any CPU
		{44C3C5B5-80DF-4F55-82C1-285539461F65}.Release|Any CPU.ActiveCfg = Release|Any CPU
		{44C3C5B5-80DF-4F55-82C1-285539461F65}.Release|Any CPU.Build.0 = Release|Any CPU
		{687374EC-54DC-4105-B9E7-D133C09039C2}.Debug|Any CPU.ActiveCfg = Debug|Any CPU
		{687374EC-54DC-4105-B9E7-D133C09039C2}.Debug|Any CPU.Build.0 = Debug|Any CPU
		{687374EC-54DC-4105-B9E7-D133C09039C2}.Release|Any CPU.ActiveCfg = Release|Any CPU
		{687374EC-54DC-4105-B9E7-D133C09039C2}.Release|Any CPU.Build.0 = Release|Any CPU
		{C37F2D07-7668-471D-964B-4BEC5D209A5D}.Debug|Any CPU.ActiveCfg = Debug|Any CPU
		{C37F2D07-7668-471D-964B-4BEC5D209A5D}.Debug|Any CPU.Build.0 = Debug|Any CPU
		{C37F2D07-7668-471D-964B-4BEC5D209A5D}.Release|Any CPU.ActiveCfg = Release|Any CPU
		{C37F2D07-7668-471D-964B-4BEC5D209A5D}.Release|Any CPU.Build.0 = Release|Any CPU
	EndGlobalSection
	GlobalSection(SolutionProperties) = preSolution
		HideSolutionNode = FALSE
	EndGlobalSection
	GlobalSection(NestedProjects) = preSolution
		{4CDCE173-71D1-475D-B793-8901616BFA50} = {02EA681E-C7D8-13C7-8484-4AC65E1B71E8}
		{72DFCB56-35C4-4444-83AE-C3116886A925} = {02EA681E-C7D8-13C7-8484-4AC65E1B71E8}
		{38431FFA-2AF8-429D-A2FC-909303E4E209} = {02EA681E-C7D8-13C7-8484-4AC65E1B71E8}
		{260F2E51-363A-415E-912A-C5460479A337} = {CCC05CD7-33FB-4763-8956-EF6CBEB10DFF}
		{BEFB004A-CA77-46D3-9171-D3EBD8218453} = {CCC05CD7-33FB-4763-8956-EF6CBEB10DFF}
		{4078F43F-5C52-44DE-B511-6515D50F052D} = {CCC05CD7-33FB-4763-8956-EF6CBEB10DFF}
		{F0440C87-ED49-4AD8-9411-1DFFAC17B6D9} = {D7CB062D-8857-4079-9A51-2B09ADA7F16C}
		{C2D050AC-DF81-407F-BBFD-B8207C3BC3A3} = {D7CB062D-8857-4079-9A51-2B09ADA7F16C}
		{11B2C7AA-0D00-4308-84BC-E6B5B2A9828C} = {D7CB062D-8857-4079-9A51-2B09ADA7F16C}
		{E35E1F0C-6723-4EB2-BD73-22B1E7C83E5F} = {C2081A6C-CA1B-4909-B086-A9940657D9A6}
		{A642F998-D3E9-427F-B8B6-1ECE45D24D4A} = {C2081A6C-CA1B-4909-B086-A9940657D9A6}
		{E3D5869F-204F-441A-9D7A-10A03E43CFFD} = {C2081A6C-CA1B-4909-B086-A9940657D9A6}
		{0312B9DC-7B52-4E86-8A1B-D9EFDEC2125D} = {B4E3260B-D798-4EE0-A512-6E1EF7250A6B}
		{72DB983D-908B-4454-A689-95B367ED431F} = {B4E3260B-D798-4EE0-A512-6E1EF7250A6B}
		{BB4C935D-4660-41C5-80C8-DCC60648482C} = {B4E3260B-D798-4EE0-A512-6E1EF7250A6B}
		{44C3C5B5-80DF-4F55-82C1-285539461F65} = {9055D84F-E5CB-4936-AD7C-D0A0E3765DC5}
		{687374EC-54DC-4105-B9E7-D133C09039C2} = {9055D84F-E5CB-4936-AD7C-D0A0E3765DC5}
		{C37F2D07-7668-471D-964B-4BEC5D209A5D} = {9055D84F-E5CB-4936-AD7C-D0A0E3765DC5}
	EndGlobalSection
	GlobalSection(ExtensibilityGlobals) = postSolution
		SolutionGuid = {A87F6607-565E-4297-9F46-913877B18C37}
	EndGlobalSection
EndGlobal
